
Microsoft Visual Studio Solution File, Format Version 12.00
# Visual Studio Version 16
VisualStudioVersion = 16.0.32802.440
MinimumVisualStudioVersion = 10.0.40219.1
Project("{FAE04EC0-301F-11D3-BF4B-00C04F79EFBC}") = "BTL", "BTL\BTL.csproj", "{1A18D0E0-FFF7-41BF-AC68-EC4045AFC9B1}"
EndProject
Global
	GlobalSection(SolutionConfigurationPlatforms) = preSolution
		Debug|Any CPU = Debug|Any CPU
		Release|Any CPU = Release|Any CPU
	EndGlobalSection
	GlobalSection(ProjectConfigurationPlatforms) = postSolution
		{1A18D0E0-FFF7-41BF-AC68-EC4045AFC9B1}.Debug|Any CPU.ActiveCfg = Debug|Any CPU
		{1A18D0E0-FFF7-41BF-AC68-EC4045AFC9B1}.Debug|Any CPU.Build.0 = Debug|Any CPU
		{1A18D0E0-FFF7-41BF-AC68-EC4045AFC9B1}.Release|Any CPU.ActiveCfg = Release|Any CPU
		{1A18D0E0-FFF7-41BF-AC68-EC4045AFC9B1}.Release|Any CPU.Build.0 = Release|Any CPU
	EndGlobalSection
	GlobalSection(SolutionProperties) = preSolution
		HideSolutionNode = FALSE
	EndGlobalSection
	GlobalSection(ExtensibilityGlobals) = postSolution
		SolutionGuid = {79AF013E-0557-4317-B3FA-719A436C0494}
	EndGlobalSection
EndGlobal
